{
  "originHash" : "01750d38d716f6b3535a0ed08da2c1f8f687ba82f8f06fa29365a2724569bf58",
  "pins" : [
    {
      "identity" : "koboldframework",
      "kind" : "remoteSourceControl",
      "location" : "https://github.com/oftheoldschool/KoboldFramework.git",
      "state" : {
        "revision" : "75905dfbc994277a1e4d402802b35b6ee326ff71",
        "version" : "0.0.87"
      }
    },
    {
      "identity" : "swift-syntax",
      "kind" : "remoteSourceControl",
      "location" : "https://github.com/swiftlang/swift-syntax",
      "state" : {
        "revision" : "4799286537280063c85a32f09884cfbca301b1a1",
        "version" : "602.0.0"
      }
    }
  ],
  "version" : 3
}
